
Microsoft Visual Studio Solution File, Format Version 12.00
# Visual Studio 2013
VisualStudioVersion = 12.0.40629.0
MinimumVisualStudioVersion = 10.0.40219.1
Project("{159641D6-6404-4A2A-AE62-294DE0FE8301}") = "SSISPackageCow", "SSISPackageCow\SSISPackageCow.dtproj", "{CF8FB803-8FAC-4F03-9554-1A99F3FD1EE9}"
EndProject
Global
	GlobalSection(SolutionConfigurationPlatforms) = preSolution
		Development|Default = Development|Default
	EndGlobalSection
	GlobalSection(ProjectConfigurationPlatforms) = postSolution
		{CF8FB803-8FAC-4F03-9554-1A99F3FD1EE9}.Development|Default.ActiveCfg = Development
		{CF8FB803-8FAC-4F03-9554-1A99F3FD1EE9}.Development|Default.Build.0 = Development
	EndGlobalSection
	GlobalSection(SolutionProperties) = preSolution
		HideSolutionNode = FALSE
	EndGlobalSection
EndGlobal
