
Microsoft Visual Studio Solution File, Format Version 12.00
# Visual Studio 2013
VisualStudioVersion = 12.0.21005.1
MinimumVisualStudioVersion = 10.0.40219.1
Project("{159641D6-6404-4A2A-AE62-294DE0FE8301}") = "1542232_SSIS", "1542232_SSIS\1542232_SSIS.dtproj", "{47A0EB38-06CC-4F2A-8612-FDCDCB8B024F}"
EndProject
Global
	GlobalSection(SolutionConfigurationPlatforms) = preSolution
		Development|Default = Development|Default
	EndGlobalSection
	GlobalSection(ProjectConfigurationPlatforms) = postSolution
		{47A0EB38-06CC-4F2A-8612-FDCDCB8B024F}.Development|Default.ActiveCfg = Development
		{47A0EB38-06CC-4F2A-8612-FDCDCB8B024F}.Development|Default.Build.0 = Development
	EndGlobalSection
	GlobalSection(SolutionProperties) = preSolution
		HideSolutionNode = FALSE
	EndGlobalSection
EndGlobal
